
Microsoft Visual Studio Solution File, Format Version 12.00
# Visual Studio 15
Project("{FAE04EC0-301F-11D3-BF4B-00C04F79EFBC}") = "Assembly-CSharp-firstpass", "Assembly-CSharp-firstpass.csproj", "{975C6879-F2AE-5269-F1AA-FDA6C64D0B40}"
EndProject
Project("{FAE04EC0-301F-11D3-BF4B-00C04F79EFBC}") = "Assembly-CSharp", "Assembly-CSharp.csproj", "{6975D7B9-0F8F-0225-C8D4-CFC227B1DE2B}"
EndProject
Project("{FAE04EC0-301F-11D3-BF4B-00C04F79EFBC}") = "Assembly-CSharp-Editor", "Assembly-CSharp-Editor.csproj", "{9B1B1B01-19F1-8D1B-9C9B-7E1C14FE27FE}"
EndProject
Project("{FAE04EC0-301F-11D3-BF4B-00C04F79EFBC}") = "Assembly-CSharp-Editor-firstpass", "Assembly-CSharp-Editor-firstpass.csproj", "{59ECFFDE-B3C5-AE82-4CCA-88D45235A63B}"
EndProject
Global
	GlobalSection(SolutionConfigurationPlatforms) = preSolution
		Debug|Any CPU = Debug|Any CPU
		Release|Any CPU = Release|Any CPU
	EndGlobalSection
	GlobalSection(ProjectConfigurationPlatforms) = postSolution
		{975C6879-F2AE-5269-F1AA-FDA6C64D0B40}.Debug|Any CPU.ActiveCfg = Debug|Any CPU
		{975C6879-F2AE-5269-F1AA-FDA6C64D0B40}.Debug|Any CPU.Build.0 = Debug|Any CPU
		{975C6879-F2AE-5269-F1AA-FDA6C64D0B40}.Release|Any CPU.ActiveCfg = Release|Any CPU
		{975C6879-F2AE-5269-F1AA-FDA6C64D0B40}.Release|Any CPU.Build.0 = Release|Any CPU
		{6975D7B9-0F8F-0225-C8D4-CFC227B1DE2B}.Debug|Any CPU.ActiveCfg = Debug|Any CPU
		{6975D7B9-0F8F-0225-C8D4-CFC227B1DE2B}.Debug|Any CPU.Build.0 = Debug|Any CPU
		{6975D7B9-0F8F-0225-C8D4-CFC227B1DE2B}.Release|Any CPU.ActiveCfg = Release|Any CPU
		{6975D7B9-0F8F-0225-C8D4-CFC227B1DE2B}.Release|Any CPU.Build.0 = Release|Any CPU
		{9B1B1B01-19F1-8D1B-9C9B-7E1C14FE27FE}.Debug|Any CPU.ActiveCfg = Debug|Any CPU
		{9B1B1B01-19F1-8D1B-9C9B-7E1C14FE27FE}.Debug|Any CPU.Build.0 = Debug|Any CPU
		{9B1B1B01-19F1-8D1B-9C9B-7E1C14FE27FE}.Release|Any CPU.ActiveCfg = Release|Any CPU
		{9B1B1B01-19F1-8D1B-9C9B-7E1C14FE27FE}.Release|Any CPU.Build.0 = Release|Any CPU
		{59ECFFDE-B3C5-AE82-4CCA-88D45235A63B}.Debug|Any CPU.ActiveCfg = Debug|Any CPU
		{59ECFFDE-B3C5-AE82-4CCA-88D45235A63B}.Debug|Any CPU.Build.0 = Debug|Any CPU
		{59ECFFDE-B3C5-AE82-4CCA-88D45235A63B}.Release|Any CPU.ActiveCfg = Release|Any CPU
		{59ECFFDE-B3C5-AE82-4CCA-88D45235A63B}.Release|Any CPU.Build.0 = Release|Any CPU
	EndGlobalSection
	GlobalSection(SolutionProperties) = preSolution
		HideSolutionNode = FALSE
	EndGlobalSection
EndGlobal
